
Microsoft Visual Studio Solution File, Format Version 12.00
# Visual Studio 15
VisualStudioVersion = 15.0.27130.2010
MinimumVisualStudioVersion = 10.0.40219.1
Project("{FAE04EC0-301F-11D3-BF4B-00C04F79EFBC}") = "Week4_exception_work", "Week4_exception_work\Week4_exception_work.csproj", "{8F85F4A3-D535-4937-AE77-7DB9B93FEA65}"
EndProject
Global
	GlobalSection(SolutionConfigurationPlatforms) = preSolution
		Debug|Any CPU = Debug|Any CPU
		Release|Any CPU = Release|Any CPU
	EndGlobalSection
	GlobalSection(ProjectConfigurationPlatforms) = postSolution
		{8F85F4A3-D535-4937-AE77-7DB9B93FEA65}.Debug|Any CPU.ActiveCfg = Debug|Any CPU
		{8F85F4A3-D535-4937-AE77-7DB9B93FEA65}.Debug|Any CPU.Build.0 = Debug|Any CPU
		{8F85F4A3-D535-4937-AE77-7DB9B93FEA65}.Release|Any CPU.ActiveCfg = Release|Any CPU
		{8F85F4A3-D535-4937-AE77-7DB9B93FEA65}.Release|Any CPU.Build.0 = Release|Any CPU
	EndGlobalSection
	GlobalSection(SolutionProperties) = preSolution
		HideSolutionNode = FALSE
	EndGlobalSection
	GlobalSection(ExtensibilityGlobals) = postSolution
		SolutionGuid = {141F17F9-72C9-4C65-A337-BC1B8187A71C}
	EndGlobalSection
EndGlobal
